
Microsoft Visual Studio Solution File, Format Version 12.00
# Visual Studio Version 16
VisualStudioVersion = 16.0.30804.86
MinimumVisualStudioVersion = 10.0.40219.1
Project("{FAE04EC0-301F-11D3-BF4B-00C04F79EFBC}") = "Projeto-teste", "Projeto-teste\Projeto-teste.csproj", "{B4EAF784-FE6B-4884-8ADD-063308391C22}"
EndProject
Global
	GlobalSection(SolutionConfigurationPlatforms) = preSolution
		Debug|Any CPU = Debug|Any CPU
		Release|Any CPU = Release|Any CPU
	EndGlobalSection
	GlobalSection(ProjectConfigurationPlatforms) = postSolution
		{B4EAF784-FE6B-4884-8ADD-063308391C22}.Debug|Any CPU.ActiveCfg = Debug|Any CPU
		{B4EAF784-FE6B-4884-8ADD-063308391C22}.Debug|Any CPU.Build.0 = Debug|Any CPU
		{B4EAF784-FE6B-4884-8ADD-063308391C22}.Release|Any CPU.ActiveCfg = Release|Any CPU
		{B4EAF784-FE6B-4884-8ADD-063308391C22}.Release|Any CPU.Build.0 = Release|Any CPU
	EndGlobalSection
	GlobalSection(SolutionProperties) = preSolution
		HideSolutionNode = FALSE
	EndGlobalSection
	GlobalSection(ExtensibilityGlobals) = postSolution
		SolutionGuid = {F4819E5C-9021-4590-8F82-F74C15519D99}
	EndGlobalSection
EndGlobal
